
Microsoft Visual Studio Solution File, Format Version 12.00
# Visual Studio Version 16
VisualStudioVersion = 16.0.31729.503
MinimumVisualStudioVersion = 10.0.40219.1
Project("{FAE04EC0-301F-11D3-BF4B-00C04F79EFBC}") = "LanFlexAPI", "LanFlexAPI\LanFlexAPI.csproj", "{BF56CCDD-85B1-49BF-8F30-0396399E968A}"
EndProject
Project("{FAE04EC0-301F-11D3-BF4B-00C04F79EFBC}") = "DriveScanner", "DriveScanner\DriveScanner.csproj", "{38EB6A72-D907-4CBB-8558-208E05C3BA92}"
EndProject
Global
	GlobalSection(SolutionConfigurationPlatforms) = preSolution
		Debug|Any CPU = Debug|Any CPU
		Release|Any CPU = Release|Any CPU
	EndGlobalSection
	GlobalSection(ProjectConfigurationPlatforms) = postSolution
		{BF56CCDD-85B1-49BF-8F30-0396399E968A}.Debug|Any CPU.ActiveCfg = Debug|Any CPU
		{BF56CCDD-85B1-49BF-8F30-0396399E968A}.Debug|Any CPU.Build.0 = Debug|Any CPU
		{BF56CCDD-85B1-49BF-8F30-0396399E968A}.Release|Any CPU.ActiveCfg = Release|Any CPU
		{BF56CCDD-85B1-49BF-8F30-0396399E968A}.Release|Any CPU.Build.0 = Release|Any CPU
		{38EB6A72-D907-4CBB-8558-208E05C3BA92}.Debug|Any CPU.ActiveCfg = Debug|Any CPU
		{38EB6A72-D907-4CBB-8558-208E05C3BA92}.Debug|Any CPU.Build.0 = Debug|Any CPU
		{38EB6A72-D907-4CBB-8558-208E05C3BA92}.Release|Any CPU.ActiveCfg = Release|Any CPU
		{38EB6A72-D907-4CBB-8558-208E05C3BA92}.Release|Any CPU.Build.0 = Release|Any CPU
	EndGlobalSection
	GlobalSection(SolutionProperties) = preSolution
		HideSolutionNode = FALSE
	EndGlobalSection
	GlobalSection(ExtensibilityGlobals) = postSolution
		SolutionGuid = {86CDA579-E9AC-4067-9430-BBC21EFC22A3}
	EndGlobalSection
EndGlobal
