
Microsoft Visual Studio Solution File, Format Version 12.00
# Visual Studio Version 16
VisualStudioVersion = 16.0.31729.503
MinimumVisualStudioVersion = 10.0.40219.1
Project("{9A19103F-16F7-4668-BE54-9A1E7A4F7556}") = "LanApi", "LanApi\LanApi.csproj", "{B203DA19-168F-4775-9EF3-29A20335E483}"
EndProject
Project("{FAE04EC0-301F-11D3-BF4B-00C04F79EFBC}") = "DriveScanner", "DriveScanner\DriveScanner.csproj", "{38EB6A72-D907-4CBB-8558-208E05C3BA92}"
EndProject
Global
	GlobalSection(SolutionConfigurationPlatforms) = preSolution
		Debug|Any CPU = Debug|Any CPU
		Release|Any CPU = Release|Any CPU
	EndGlobalSection
	GlobalSection(ProjectConfigurationPlatforms) = postSolution
		{B203DA19-168F-4775-9EF3-29A20335E483}.Debug|Any CPU.ActiveCfg = Debug|Any CPU
		{B203DA19-168F-4775-9EF3-29A20335E483}.Debug|Any CPU.Build.0 = Debug|Any CPU
		{B203DA19-168F-4775-9EF3-29A20335E483}.Release|Any CPU.ActiveCfg = Release|Any CPU
		{B203DA19-168F-4775-9EF3-29A20335E483}.Release|Any CPU.Build.0 = Release|Any CPU
		{38EB6A72-D907-4CBB-8558-208E05C3BA92}.Debug|Any CPU.ActiveCfg = Debug|Any CPU
		{38EB6A72-D907-4CBB-8558-208E05C3BA92}.Debug|Any CPU.Build.0 = Debug|Any CPU
		{38EB6A72-D907-4CBB-8558-208E05C3BA92}.Release|Any CPU.ActiveCfg = Release|Any CPU
		{38EB6A72-D907-4CBB-8558-208E05C3BA92}.Release|Any CPU.Build.0 = Release|Any CPU
	EndGlobalSection
	GlobalSection(SolutionProperties) = preSolution
		HideSolutionNode = FALSE
	EndGlobalSection
	GlobalSection(ExtensibilityGlobals) = postSolution
		SolutionGuid = {D553177D-2C0D-4DE3-BA1E-4ADECD0989C5}
	EndGlobalSection
EndGlobal
